// !$*UTF8*$!
{
	archiveVersion = 1;
	classes = {
	};
	objectVersion = 55;
	objects = {

/* Begin PBXBuildFile section */
		1BCD6B3128F7C7FC0055BC80 /* PrototypeApp.swift in Sources */ = {isa = PBXBuildFile; fileRef = 1BCD6B3028F7C7FC0055BC80 /* PrototypeApp.swift */; };
		1BCD6B3528F7C8000055BC80 /* Assets.xcassets in Resources */ = {isa = PBXBuildFile; fileRef = 1BCD6B3428F7C8000055BC80 /* Assets.xcassets */; };
		1BCD6B3828F7C8000055BC80 /* Preview Assets.xcassets in Resources */ = {isa = PBXBuildFile; fileRef = 1BCD6B3728F7C8000055BC80 /* Preview Assets.xcassets */; };
		1BCD6B4228F7C8000055BC80 /* PrototypeTests.swift in Sources */ = {isa = PBXBuildFile; fileRef = 1BCD6B4128F7C8000055BC80 /* PrototypeTests.swift */; };
		1BCD6B4C28F7C8000055BC80 /* PrototypeUITests.swift in Sources */ = {isa = PBXBuildFile; fileRef = 1BCD6B4B28F7C8000055BC80 /* PrototypeUITests.swift */; };
		1BCD6B4E28F7C8000055BC80 /* PrototypeUITestsLaunchTests.swift in Sources */ = {isa = PBXBuildFile; fileRef = 1BCD6B4D28F7C8000055BC80 /* PrototypeUITestsLaunchTests.swift */; };
		4E4BB7602997C6E9003EB516 /* PoseEstimation_Support in Resources */ = {isa = PBXBuildFile; fileRef = 4E4BB75F2997C6E9003EB516 /* PoseEstimation_Support */; };
		4E4BB767299CA031003EB516 /* TrainerMenuView.swift in Sources */ = {isa = PBXBuildFile; fileRef = 4E4BB766299CA031003EB516 /* TrainerMenuView.swift */; };
		4EABBA3429C8B7F700ADB960 /* RepetitionEstimator.swift in Sources */ = {isa = PBXBuildFile; fileRef = 4EABBA2E29C761B800ADB960 /* RepetitionEstimator.swift */; };
		4EABBA4129D00F5D00ADB960 /* CameraSwitcher.swift in Sources */ = {isa = PBXBuildFile; fileRef = 4EABBA4029D00F5D00ADB960 /* CameraSwitcher.swift */; };
		4EABBA4729D017E400ADB960 /* ViewController_Dup2.swift in Sources */ = {isa = PBXBuildFile; fileRef = 4EABBA4429D0176D00ADB960 /* ViewController_Dup2.swift */; };
		4EABBA4929D0241C00ADB960 /* CameraFeedManager_Dup.swift in Sources */ = {isa = PBXBuildFile; fileRef = 4EABBA4829D0241C00ADB960 /* CameraFeedManager_Dup.swift */; };
		4EABBA4B29D6B02900ADB960 /* SquatModel_Controller.swift in Sources */ = {isa = PBXBuildFile; fileRef = 4EABBA4A29D6B02900ADB960 /* SquatModel_Controller.swift */; };
		4EABBA5529DB19EF00ADB960 /* SquatPosition.mlmodel in Sources */ = {isa = PBXBuildFile; fileRef = 4EABBA5429DB19EF00ADB960 /* SquatPosition.mlmodel */; };
		4EABBA5729DD940B00ADB960 /* DeadliftModel_Controller.swift in Sources */ = {isa = PBXBuildFile; fileRef = 4EABBA5629DD940B00ADB960 /* DeadliftModel_Controller.swift */; };
		4EABBA5A29DF0C8500ADB960 /* Main.storyboard in Resources */ = {isa = PBXBuildFile; fileRef = 4EABBA2229C5A82500ADB960 /* Main.storyboard */; };
		4EABBA5E29DF0FD700ADB960 /* OverlayView_dup.swift in Sources */ = {isa = PBXBuildFile; fileRef = 4EABBA2829C6C8D400ADB960 /* OverlayView_dup.swift */; };
		4EABBA6029E138EE00ADB960 /* ArrowPath.swift in Sources */ = {isa = PBXBuildFile; fileRef = 4EABBA5F29E138EE00ADB960 /* ArrowPath.swift */; };
		4EABBA6329E43F0700ADB960 /* DeadliftPosition.mlmodel in Sources */ = {isa = PBXBuildFile; fileRef = 4EABBA6229E43F0600ADB960 /* DeadliftPosition.mlmodel */; };
		4EABBA6529E5287E00ADB960 /* SquatCorrector.swift in Sources */ = {isa = PBXBuildFile; fileRef = 4EABBA6429E5287E00ADB960 /* SquatCorrector.swift */; };
		4EABBA6729E5A28E00ADB960 /* CorrectionEstimator.swift in Sources */ = {isa = PBXBuildFile; fileRef = 4EABBA6629E5A28E00ADB960 /* CorrectionEstimator.swift */; };
		4EBA94DD29C42355002A45F3 /* PoseEstimator.swift in Sources */ = {isa = PBXBuildFile; fileRef = 4EBA94DC29C42355002A45F3 /* PoseEstimator.swift */; };
		4EBA94EA29C43226002A45F3 /* PoseNet.swift in Sources */ = {isa = PBXBuildFile; fileRef = 4EBA94E629C43225002A45F3 /* PoseNet.swift */; };
		4EBA94EB29C43226002A45F3 /* MoveNet.swift in Sources */ = {isa = PBXBuildFile; fileRef = 4EBA94E729C43226002A45F3 /* MoveNet.swift */; };
		4EBA94EC29C43226002A45F3 /* PoseData.swift in Sources */ = {isa = PBXBuildFile; fileRef = 4EBA94E829C43226002A45F3 /* PoseData.swift */; };
		4EBA94ED29C43226002A45F3 /* PoseConfig.swift in Sources */ = {isa = PBXBuildFile; fileRef = 4EBA94E929C43226002A45F3 /* PoseConfig.swift */; };
		4EBA94F429C433A1002A45F3 /* CGSize+TFLite.swift in Sources */ = {isa = PBXBuildFile; fileRef = 4EBA94F129C433A1002A45F3 /* CGSize+TFLite.swift */; };
		4EBA94F529C433A1002A45F3 /* CVPixelBuffer+TFLite.swift in Sources */ = {isa = PBXBuildFile; fileRef = 4EBA94F229C433A1002A45F3 /* CVPixelBuffer+TFLite.swift */; };
		4EBA94F629C433A1002A45F3 /* Data+TFLite.swift in Sources */ = {isa = PBXBuildFile; fileRef = 4EBA94F329C433A1002A45F3 /* Data+TFLite.swift */; };
		4EBA94F829C436BA002A45F3 /* AppDelegate.swift in Sources */ = {isa = PBXBuildFile; fileRef = 4EBA94F729C436BA002A45F3 /* AppDelegate.swift */; };
		4EBA94FC29C49FA4002A45F3 /* ViewControllerWrapper.swift in Sources */ = {isa = PBXBuildFile; fileRef = 4EBA94FB29C49FA4002A45F3 /* ViewControllerWrapper.swift */; };
		4EBA94FD29C4A314002A45F3 /* movenet_thunder.tflite in Resources */ = {isa = PBXBuildFile; fileRef = 4EBA94EE29C43259002A45F3 /* movenet_thunder.tflite */; };
		4EBA94FE29C4A316002A45F3 /* movenet_lightning.tflite in Resources */ = {isa = PBXBuildFile; fileRef = 4EBA94EF29C43259002A45F3 /* movenet_lightning.tflite */; };
		4ED986C9292BD2CE0031E482 /* MainView.swift in Sources */ = {isa = PBXBuildFile; fileRef = 4ED986C8292BD2CE0031E482 /* MainView.swift */; };
		4ED986CB292BD6CB0031E482 /* SettingsView.swift in Sources */ = {isa = PBXBuildFile; fileRef = 4ED986CA292BD6CB0031E482 /* SettingsView.swift */; };
		4ED986CF292BD7050031E482 /* HomeView.swift in Sources */ = {isa = PBXBuildFile; fileRef = 4ED986CE292BD7050031E482 /* HomeView.swift */; };
		6F823CE26214AEA5C22E2514 /* Pods_PostureFit.framework in Frameworks */ = {isa = PBXBuildFile; fileRef = 691CE6707C34463ED93FCAAE /* Pods_PostureFit.framework */; };
/* End PBXBuildFile section */

/* Begin PBXContainerItemProxy section */
		1BCD6B3E28F7C8000055BC80 /* PBXContainerItemProxy */ = {
			isa = PBXContainerItemProxy;
			containerPortal = 1BCD6B2528F7C7FC0055BC80 /* Project object */;
			proxyType = 1;
			remoteGlobalIDString = 1BCD6B2C28F7C7FC0055BC80;
			remoteInfo = Prototype;
		};
		1BCD6B4828F7C8000055BC80 /* PBXContainerItemProxy */ = {
			isa = PBXContainerItemProxy;
			containerPortal = 1BCD6B2528F7C7FC0055BC80 /* Project object */;
			proxyType = 1;
			remoteGlobalIDString = 1BCD6B2C28F7C7FC0055BC80;
			remoteInfo = Prototype;
		};
/* End PBXContainerItemProxy section */

/* Begin PBXFileReference section */
		1BCD6B2D28F7C7FC0055BC80 /* PostureFit.app */ = {isa = PBXFileReference; explicitFileType = wrapper.application; includeInIndex = 0; path = PostureFit.app; sourceTree = BUILT_PRODUCTS_DIR; };
		1BCD6B3028F7C7FC0055BC80 /* PrototypeApp.swift */ = {isa = PBXFileReference; lastKnownFileType = sourcecode.swift; path = PrototypeApp.swift; sourceTree = "<group>"; };
		1BCD6B3228F7C7FC0055BC80 /* ContentView.swift */ = {isa = PBXFileReference; lastKnownFileType = sourcecode.swift; path = ContentView.swift; sourceTree = "<group>"; };
		1BCD6B3428F7C8000055BC80 /* Assets.xcassets */ = {isa = PBXFileReference; lastKnownFileType = folder.assetcatalog; path = Assets.xcassets; sourceTree = "<group>"; };
		1BCD6B3728F7C8000055BC80 /* Preview Assets.xcassets */ = {isa = PBXFileReference; lastKnownFileType = folder.assetcatalog; path = "Preview Assets.xcassets"; sourceTree = "<group>"; };
		1BCD6B3D28F7C8000055BC80 /* PostureFitTests.xctest */ = {isa = PBXFileReference; explicitFileType = wrapper.cfbundle; includeInIndex = 0; path = PostureFitTests.xctest; sourceTree = BUILT_PRODUCTS_DIR; };
		1BCD6B4128F7C8000055BC80 /* PrototypeTests.swift */ = {isa = PBXFileReference; lastKnownFileType = sourcecode.swift; path = PrototypeTests.swift; sourceTree = "<group>"; };
		1BCD6B4728F7C8000055BC80 /* PostureFitUITests.xctest */ = {isa = PBXFileReference; explicitFileType = wrapper.cfbundle; includeInIndex = 0; path = PostureFitUITests.xctest; sourceTree = BUILT_PRODUCTS_DIR; };
		1BCD6B4B28F7C8000055BC80 /* PrototypeUITests.swift */ = {isa = PBXFileReference; lastKnownFileType = sourcecode.swift; path = PrototypeUITests.swift; sourceTree = "<group>"; };
		1BCD6B4D28F7C8000055BC80 /* PrototypeUITestsLaunchTests.swift */ = {isa = PBXFileReference; lastKnownFileType = sourcecode.swift; path = PrototypeUITestsLaunchTests.swift; sourceTree = "<group>"; };
		4E4BB75F2997C6E9003EB516 /* PoseEstimation_Support */ = {isa = PBXFileReference; lastKnownFileType = folder; path = PoseEstimation_Support; sourceTree = "<group>"; };
		4E4BB7622997CE34003EB516 /* CameraManager.swift */ = {isa = PBXFileReference; lastKnownFileType = sourcecode.swift; path = CameraManager.swift; sourceTree = "<group>"; };
		4E4BB7642998B849003EB516 /* FrameHandler.swift */ = {isa = PBXFileReference; lastKnownFileType = sourcecode.swift; path = FrameHandler.swift; sourceTree = "<group>"; };
		4E4BB766299CA031003EB516 /* TrainerMenuView.swift */ = {isa = PBXFileReference; lastKnownFileType = sourcecode.swift; path = TrainerMenuView.swift; sourceTree = "<group>"; };
		4EABBA2229C5A82500ADB960 /* Main.storyboard */ = {isa = PBXFileReference; lastKnownFileType = file.storyboard; path = Main.storyboard; sourceTree = "<group>"; };
		4EABBA2329C5A86B00ADB960 /* OverlayView.swift */ = {isa = PBXFileReference; lastKnownFileType = sourcecode.swift; path = OverlayView.swift; sourceTree = "<group>"; };
		4EABBA2829C6C8D400ADB960 /* OverlayView_dup.swift */ = {isa = PBXFileReference; lastKnownFileType = sourcecode.swift; path = OverlayView_dup.swift; sourceTree = "<group>"; };
		4EABBA2C29C74AAA00ADB960 /* RepModel.swift */ = {isa = PBXFileReference; lastKnownFileType = sourcecode.swift; path = RepModel.swift; sourceTree = "<group>"; };
		4EABBA2E29C761B800ADB960 /* RepetitionEstimator.swift */ = {isa = PBXFileReference; lastKnownFileType = sourcecode.swift; path = RepetitionEstimator.swift; sourceTree = "<group>"; };
		4EABBA3629C9BD6600ADB960 /* ViewController_Dup.swift */ = {isa = PBXFileReference; lastKnownFileType = sourcecode.swift; path = ViewController_Dup.swift; sourceTree = "<group>"; };
		4EABBA3B29CF605500ADB960 /* CameraFeedManager_back.swift */ = {isa = PBXFileReference; lastKnownFileType = sourcecode.swift; path = CameraFeedManager_back.swift; sourceTree = "<group>"; };
		4EABBA3D29CF6FE800ADB960 /* CameraFeedManager_front.swift */ = {isa = PBXFileReference; lastKnownFileType = sourcecode.swift; path = CameraFeedManager_front.swift; sourceTree = "<group>"; };
		4EABBA4029D00F5D00ADB960 /* CameraSwitcher.swift */ = {isa = PBXFileReference; lastKnownFileType = sourcecode.swift; path = CameraSwitcher.swift; sourceTree = "<group>"; };
		4EABBA4429D0176D00ADB960 /* ViewController_Dup2.swift */ = {isa = PBXFileReference; lastKnownFileType = sourcecode.swift; path = ViewController_Dup2.swift; sourceTree = "<group>"; };
		4EABBA4829D0241C00ADB960 /* CameraFeedManager_Dup.swift */ = {isa = PBXFileReference; lastKnownFileType = sourcecode.swift; path = CameraFeedManager_Dup.swift; sourceTree = "<group>"; };
		4EABBA4A29D6B02900ADB960 /* SquatModel_Controller.swift */ = {isa = PBXFileReference; lastKnownFileType = sourcecode.swift; path = SquatModel_Controller.swift; sourceTree = "<group>"; };
		4EABBA5429DB19EF00ADB960 /* SquatPosition.mlmodel */ = {isa = PBXFileReference; lastKnownFileType = file.mlmodel; path = SquatPosition.mlmodel; sourceTree = "<group>"; };
		4EABBA5629DD940B00ADB960 /* DeadliftModel_Controller.swift */ = {isa = PBXFileReference; lastKnownFileType = sourcecode.swift; path = DeadliftModel_Controller.swift; sourceTree = "<group>"; };
		4EABBA5829DF0AE700ADB960 /* MainCopy.storyboard */ = {isa = PBXFileReference; fileEncoding = 4; lastKnownFileType = file.storyboard; path = MainCopy.storyboard; sourceTree = "<group>"; };
		4EABBA5F29E138EE00ADB960 /* ArrowPath.swift */ = {isa = PBXFileReference; lastKnownFileType = sourcecode.swift; path = ArrowPath.swift; sourceTree = "<group>"; };
		4EABBA6229E43F0600ADB960 /* DeadliftPosition.mlmodel */ = {isa = PBXFileReference; lastKnownFileType = file.mlmodel; path = DeadliftPosition.mlmodel; sourceTree = "<group>"; };
		4EABBA6429E5287E00ADB960 /* SquatCorrector.swift */ = {isa = PBXFileReference; lastKnownFileType = sourcecode.swift; path = SquatCorrector.swift; sourceTree = "<group>"; };
		4EABBA6629E5A28E00ADB960 /* CorrectionEstimator.swift */ = {isa = PBXFileReference; lastKnownFileType = sourcecode.swift; path = CorrectionEstimator.swift; sourceTree = "<group>"; };
		4EBA94D929C41F09002A45F3 /* CameraWrapper.swift */ = {isa = PBXFileReference; lastKnownFileType = sourcecode.swift; path = CameraWrapper.swift; sourceTree = "<group>"; };
		4EBA94DC29C42355002A45F3 /* PoseEstimator.swift */ = {isa = PBXFileReference; fileEncoding = 4; lastKnownFileType = sourcecode.swift; path = PoseEstimator.swift; sourceTree = "<group>"; };
		4EBA94DE29C4237A002A45F3 /* README.md */ = {isa = PBXFileReference; lastKnownFileType = net.daringfireball.markdown; path = README.md; sourceTree = "<group>"; };
		4EBA94E229C42D7A002A45F3 /* ViewController.swift */ = {isa = PBXFileReference; lastKnownFileType = sourcecode.swift; path = ViewController.swift; sourceTree = "<group>"; };
		4EBA94E629C43225002A45F3 /* PoseNet.swift */ = {isa = PBXFileReference; fileEncoding = 4; lastKnownFileType = sourcecode.swift; path = PoseNet.swift; sourceTree = "<group>"; };
		4EBA94E729C43226002A45F3 /* MoveNet.swift */ = {isa = PBXFileReference; fileEncoding = 4; lastKnownFileType = sourcecode.swift; path = MoveNet.swift; sourceTree = "<group>"; };
		4EBA94E829C43226002A45F3 /* PoseData.swift */ = {isa = PBXFileReference; fileEncoding = 4; lastKnownFileType = sourcecode.swift; path = PoseData.swift; sourceTree = "<group>"; };
		4EBA94E929C43226002A45F3 /* PoseConfig.swift */ = {isa = PBXFileReference; fileEncoding = 4; lastKnownFileType = sourcecode.swift; path = PoseConfig.swift; sourceTree = "<group>"; };
		4EBA94EE29C43259002A45F3 /* movenet_thunder.tflite */ = {isa = PBXFileReference; lastKnownFileType = file; path = movenet_thunder.tflite; sourceTree = "<group>"; };
		4EBA94EF29C43259002A45F3 /* movenet_lightning.tflite */ = {isa = PBXFileReference; lastKnownFileType = file; path = movenet_lightning.tflite; sourceTree = "<group>"; };
		4EBA94F129C433A1002A45F3 /* CGSize+TFLite.swift */ = {isa = PBXFileReference; fileEncoding = 4; lastKnownFileType = sourcecode.swift; path = "CGSize+TFLite.swift"; sourceTree = "<group>"; };
		4EBA94F229C433A1002A45F3 /* CVPixelBuffer+TFLite.swift */ = {isa = PBXFileReference; fileEncoding = 4; lastKnownFileType = sourcecode.swift; path = "CVPixelBuffer+TFLite.swift"; sourceTree = "<group>"; };
		4EBA94F329C433A1002A45F3 /* Data+TFLite.swift */ = {isa = PBXFileReference; fileEncoding = 4; lastKnownFileType = sourcecode.swift; path = "Data+TFLite.swift"; sourceTree = "<group>"; };
		4EBA94F729C436BA002A45F3 /* AppDelegate.swift */ = {isa = PBXFileReference; fileEncoding = 4; lastKnownFileType = sourcecode.swift; path = AppDelegate.swift; sourceTree = "<group>"; };
		4EBA94F929C43FA0002A45F3 /* CameraFeedManager.swift */ = {isa = PBXFileReference; fileEncoding = 4; lastKnownFileType = sourcecode.swift; path = CameraFeedManager.swift; sourceTree = "<group>"; };
		4EBA94FB29C49FA4002A45F3 /* ViewControllerWrapper.swift */ = {isa = PBXFileReference; lastKnownFileType = sourcecode.swift; path = ViewControllerWrapper.swift; sourceTree = "<group>"; };
		4ED986C6292B50F20031E482 /* LaunchScreen_Prototype.storyboard */ = {isa = PBXFileReference; lastKnownFileType = file.storyboard; path = LaunchScreen_Prototype.storyboard; sourceTree = "<group>"; };
		4ED986C8292BD2CE0031E482 /* MainView.swift */ = {isa = PBXFileReference; lastKnownFileType = sourcecode.swift; path = MainView.swift; sourceTree = "<group>"; };
		4ED986CA292BD6CB0031E482 /* SettingsView.swift */ = {isa = PBXFileReference; lastKnownFileType = sourcecode.swift; path = SettingsView.swift; sourceTree = "<group>"; };
		4ED986CC292BD6DE0031E482 /* CameraFeedView.swift */ = {isa = PBXFileReference; lastKnownFileType = sourcecode.swift; path = CameraFeedView.swift; sourceTree = "<group>"; };
		4ED986CE292BD7050031E482 /* HomeView.swift */ = {isa = PBXFileReference; lastKnownFileType = sourcecode.swift; path = HomeView.swift; sourceTree = "<group>"; };
		691CE6707C34463ED93FCAAE /* Pods_PostureFit.framework */ = {isa = PBXFileReference; explicitFileType = wrapper.framework; includeInIndex = 0; path = Pods_PostureFit.framework; sourceTree = BUILT_PRODUCTS_DIR; };
		96E8341E76E09F2E09608B74 /* Pods-PostureFit.debug.xcconfig */ = {isa = PBXFileReference; includeInIndex = 1; lastKnownFileType = text.xcconfig; name = "Pods-PostureFit.debug.xcconfig"; path = "Target Support Files/Pods-PostureFit/Pods-PostureFit.debug.xcconfig"; sourceTree = "<group>"; };
		D7533E67210374A0595A0B46 /* Pods-PostureFit.release.xcconfig */ = {isa = PBXFileReference; includeInIndex = 1; lastKnownFileType = text.xcconfig; name = "Pods-PostureFit.release.xcconfig"; path = "Target Support Files/Pods-PostureFit/Pods-PostureFit.release.xcconfig"; sourceTree = "<group>"; };
/* End PBXFileReference section */

/* Begin PBXFrameworksBuildPhase section */
		1BCD6B2A28F7C7FC0055BC80 /* Frameworks */ = {
			isa = PBXFrameworksBuildPhase;
			buildActionMask = 2147483647;
			files = (
				6F823CE26214AEA5C22E2514 /* Pods_PostureFit.framework in Frameworks */,
			);
			runOnlyForDeploymentPostprocessing = 0;
		};
		1BCD6B3A28F7C8000055BC80 /* Frameworks */ = {
			isa = PBXFrameworksBuildPhase;
			buildActionMask = 2147483647;
			files = (
			);
			runOnlyForDeploymentPostprocessing = 0;
		};
		1BCD6B4428F7C8000055BC80 /* Frameworks */ = {
			isa = PBXFrameworksBuildPhase;
			buildActionMask = 2147483647;
			files = (
			);
			runOnlyForDeploymentPostprocessing = 0;
		};
/* End PBXFrameworksBuildPhase section */

/* Begin PBXGroup section */
		0A736433095286DA8D0DFD05 /* Frameworks */ = {
			isa = PBXGroup;
			children = (
				691CE6707C34463ED93FCAAE /* Pods_PostureFit.framework */,
			);
			name = Frameworks;
			sourceTree = "<group>";
		};
		1BCD6B2428F7C7FC0055BC80 = {
			isa = PBXGroup;
			children = (
				4E4BB75F2997C6E9003EB516 /* PoseEstimation_Support */,
				1BCD6B2F28F7C7FC0055BC80 /* Prototype */,
				1BCD6B4028F7C8000055BC80 /* PrototypeTests */,
				1BCD6B4A28F7C8000055BC80 /* PrototypeUITests */,
				1BCD6B2E28F7C7FC0055BC80 /* Products */,
				5FAD0C7D92EB1DBC5A11FAD4 /* Pods */,
				0A736433095286DA8D0DFD05 /* Frameworks */,
			);
			sourceTree = "<group>";
		};
		1BCD6B2E28F7C7FC0055BC80 /* Products */ = {
			isa = PBXGroup;
			children = (
				1BCD6B2D28F7C7FC0055BC80 /* PostureFit.app */,
				1BCD6B3D28F7C8000055BC80 /* PostureFitTests.xctest */,
				1BCD6B4728F7C8000055BC80 /* PostureFitUITests.xctest */,
			);
			name = Products;
			sourceTree = "<group>";
		};
		1BCD6B2F28F7C7FC0055BC80 /* Prototype */ = {
			isa = PBXGroup;
			children = (
				4EBA94DE29C4237A002A45F3 /* README.md */,
				4EBA94F729C436BA002A45F3 /* AppDelegate.swift */,
				4EABBA2429C5A89D00ADB960 /* SwiftUI */,
				4EBA94FF29C5A7D6002A45F3 /* SB_UI */,
				4EABBA3829CF577A00ADB960 /* Functions */,
				4EBA94F029C43373002A45F3 /* Extensions */,
				4EBA94DB29C42345002A45F3 /* Models */,
				4E4BB7612997CDFF003EB516 /* Camera_Functionalities */,
				1BCD6B3428F7C8000055BC80 /* Assets.xcassets */,
				1BCD6B3628F7C8000055BC80 /* Preview Content */,
			);
			path = Prototype;
			sourceTree = "<group>";
		};
		1BCD6B3628F7C8000055BC80 /* Preview Content */ = {
			isa = PBXGroup;
			children = (
				1BCD6B3728F7C8000055BC80 /* Preview Assets.xcassets */,
			);
			path = "Preview Content";
			sourceTree = "<group>";
		};
		1BCD6B4028F7C8000055BC80 /* PrototypeTests */ = {
			isa = PBXGroup;
			children = (
				1BCD6B4128F7C8000055BC80 /* PrototypeTests.swift */,
			);
			path = PrototypeTests;
			sourceTree = "<group>";
		};
		1BCD6B4A28F7C8000055BC80 /* PrototypeUITests */ = {
			isa = PBXGroup;
			children = (
				1BCD6B4B28F7C8000055BC80 /* PrototypeUITests.swift */,
				1BCD6B4D28F7C8000055BC80 /* PrototypeUITestsLaunchTests.swift */,
			);
			path = PrototypeUITests;
			sourceTree = "<group>";
		};
		4E4BB7612997CDFF003EB516 /* Camera_Functionalities */ = {
			isa = PBXGroup;
			children = (
				4EABBA4829D0241C00ADB960 /* CameraFeedManager_Dup.swift */,
				4EBA94F929C43FA0002A45F3 /* CameraFeedManager.swift */,
				4EABBA3B29CF605500ADB960 /* CameraFeedManager_back.swift */,
				4EABBA3D29CF6FE800ADB960 /* CameraFeedManager_front.swift */,
				4E4BB7642998B849003EB516 /* FrameHandler.swift */,
				4E4BB7622997CE34003EB516 /* CameraManager.swift */,
				4EBA94D929C41F09002A45F3 /* CameraWrapper.swift */,
			);
			path = Camera_Functionalities;
			sourceTree = "<group>";
		};
		4EABBA2429C5A89D00ADB960 /* SwiftUI */ = {
			isa = PBXGroup;
			children = (
				1BCD6B3028F7C7FC0055BC80 /* PrototypeApp.swift */,
				1BCD6B3228F7C7FC0055BC80 /* ContentView.swift */,
				4ED986C8292BD2CE0031E482 /* MainView.swift */,
				4ED986CE292BD7050031E482 /* HomeView.swift */,
				4ED986CA292BD6CB0031E482 /* SettingsView.swift */,
				4ED986CC292BD6DE0031E482 /* CameraFeedView.swift */,
				4E4BB766299CA031003EB516 /* TrainerMenuView.swift */,
			);
			path = SwiftUI;
			sourceTree = "<group>";
		};
		4EABBA3829CF577A00ADB960 /* Functions */ = {
			isa = PBXGroup;
			children = (
			);
			path = Functions;
			sourceTree = "<group>";
		};
		4EBA94DB29C42345002A45F3 /* Models */ = {
			isa = PBXGroup;
			children = (
				4EABBA6229E43F0600ADB960 /* DeadliftPosition.mlmodel */,
				4EABBA5429DB19EF00ADB960 /* SquatPosition.mlmodel */,
				4EBA94EF29C43259002A45F3 /* movenet_lightning.tflite */,
				4EBA94EE29C43259002A45F3 /* movenet_thunder.tflite */,
				4EBA94E729C43226002A45F3 /* MoveNet.swift */,
				4EBA94E929C43226002A45F3 /* PoseConfig.swift */,
				4EBA94E829C43226002A45F3 /* PoseData.swift */,
				4EBA94E629C43225002A45F3 /* PoseNet.swift */,
				4EBA94DC29C42355002A45F3 /* PoseEstimator.swift */,
				4EABBA2E29C761B800ADB960 /* RepetitionEstimator.swift */,
				4EABBA6629E5A28E00ADB960 /* CorrectionEstimator.swift */,
				4EABBA2C29C74AAA00ADB960 /* RepModel.swift */,
				4EABBA4A29D6B02900ADB960 /* SquatModel_Controller.swift */,
				4EABBA5629DD940B00ADB960 /* DeadliftModel_Controller.swift */,
				4EABBA6429E5287E00ADB960 /* SquatCorrector.swift */,
			);
			path = Models;
			sourceTree = "<group>";
		};
		4EBA94F029C43373002A45F3 /* Extensions */ = {
			isa = PBXGroup;
			children = (
				4EBA94F129C433A1002A45F3 /* CGSize+TFLite.swift */,
				4EBA94F229C433A1002A45F3 /* CVPixelBuffer+TFLite.swift */,
				4EBA94F329C433A1002A45F3 /* Data+TFLite.swift */,
			);
			path = Extensions;
			sourceTree = "<group>";
		};
		4EBA94FF29C5A7D6002A45F3 /* SB_UI */ = {
			isa = PBXGroup;
			children = (
				4EABBA5829DF0AE700ADB960 /* MainCopy.storyboard */,
				4ED986C6292B50F20031E482 /* LaunchScreen_Prototype.storyboard */,
				4EABBA2229C5A82500ADB960 /* Main.storyboard */,
				4EBA94E229C42D7A002A45F3 /* ViewController.swift */,
				4EABBA3629C9BD6600ADB960 /* ViewController_Dup.swift */,
				4EABBA4429D0176D00ADB960 /* ViewController_Dup2.swift */,
				4EBA94FB29C49FA4002A45F3 /* ViewControllerWrapper.swift */,
				4EABBA2329C5A86B00ADB960 /* OverlayView.swift */,
				4EABBA2829C6C8D400ADB960 /* OverlayView_dup.swift */,
				4EABBA4029D00F5D00ADB960 /* CameraSwitcher.swift */,
				4EABBA5F29E138EE00ADB960 /* ArrowPath.swift */,
			);
			path = SB_UI;
			sourceTree = "<group>";
		};
		5FAD0C7D92EB1DBC5A11FAD4 /* Pods */ = {
			isa = PBXGroup;
			children = (
				96E8341E76E09F2E09608B74 /* Pods-PostureFit.debug.xcconfig */,
				D7533E67210374A0595A0B46 /* Pods-PostureFit.release.xcconfig */,
			);
			path = Pods;
			sourceTree = "<group>";
		};
/* End PBXGroup section */

/* Begin PBXNativeTarget section */
		1BCD6B2C28F7C7FC0055BC80 /* PostureFit */ = {
			isa = PBXNativeTarget;
			buildConfigurationList = 1BCD6B5128F7C8000055BC80 /* Build configuration list for PBXNativeTarget "PostureFit" */;
			buildPhases = (
				EBE1531703C6D1B8D469D584 /* [CP] Check Pods Manifest.lock */,
				1BCD6B2928F7C7FC0055BC80 /* Sources */,
				1BCD6B2A28F7C7FC0055BC80 /* Frameworks */,
				1BCD6B2B28F7C7FC0055BC80 /* Resources */,
			);
			buildRules = (
			);
			dependencies = (
			);
			name = PostureFit;
			productName = Prototype;
			productReference = 1BCD6B2D28F7C7FC0055BC80 /* PostureFit.app */;
			productType = "com.apple.product-type.application";
		};
		1BCD6B3C28F7C8000055BC80 /* PostureFitTests */ = {
			isa = PBXNativeTarget;
			buildConfigurationList = 1BCD6B5428F7C8000055BC80 /* Build configuration list for PBXNativeTarget "PostureFitTests" */;
			buildPhases = (
				1BCD6B3928F7C8000055BC80 /* Sources */,
				1BCD6B3A28F7C8000055BC80 /* Frameworks */,
				1BCD6B3B28F7C8000055BC80 /* Resources */,
			);
			buildRules = (
			);
			dependencies = (
				1BCD6B3F28F7C8000055BC80 /* PBXTargetDependency */,
			);
			name = PostureFitTests;
			productName = PrototypeTests;
			productReference = 1BCD6B3D28F7C8000055BC80 /* PostureFitTests.xctest */;
			productType = "com.apple.product-type.bundle.unit-test";
		};
		1BCD6B4628F7C8000055BC80 /* PostureFitUITests */ = {
			isa = PBXNativeTarget;
			buildConfigurationList = 1BCD6B5728F7C8000055BC80 /* Build configuration list for PBXNativeTarget "PostureFitUITests" */;
			buildPhases = (
				1BCD6B4328F7C8000055BC80 /* Sources */,
				1BCD6B4428F7C8000055BC80 /* Frameworks */,
				1BCD6B4528F7C8000055BC80 /* Resources */,
			);
			buildRules = (
			);
			dependencies = (
				1BCD6B4928F7C8000055BC80 /* PBXTargetDependency */,
			);
			name = PostureFitUITests;
			productName = PrototypeUITests;
			productReference = 1BCD6B4728F7C8000055BC80 /* PostureFitUITests.xctest */;
			productType = "com.apple.product-type.bundle.ui-testing";
		};
/* End PBXNativeTarget section */

/* Begin PBXProject section */
		1BCD6B2528F7C7FC0055BC80 /* Project object */ = {
			isa = PBXProject;
			attributes = {
				BuildIndependentTargetsInParallel = 1;
				LastSwiftUpdateCheck = 1340;
				LastUpgradeCheck = 1340;
				TargetAttributes = {
					1BCD6B2C28F7C7FC0055BC80 = {
						CreatedOnToolsVersion = 13.4.1;
					};
					1BCD6B3C28F7C8000055BC80 = {
						CreatedOnToolsVersion = 13.4.1;
						TestTargetID = 1BCD6B2C28F7C7FC0055BC80;
					};
					1BCD6B4628F7C8000055BC80 = {
						CreatedOnToolsVersion = 13.4.1;
						TestTargetID = 1BCD6B2C28F7C7FC0055BC80;
					};
				};
			};
			buildConfigurationList = 1BCD6B2828F7C7FC0055BC80 /* Build configuration list for PBXProject "PostureFit" */;
			compatibilityVersion = "Xcode 13.0";
			developmentRegion = en;
			hasScannedForEncodings = 0;
			knownRegions = (
				en,
				Base,
			);
			mainGroup = 1BCD6B2428F7C7FC0055BC80;
			productRefGroup = 1BCD6B2E28F7C7FC0055BC80 /* Products */;
			projectDirPath = "";
			projectRoot = "";
			targets = (
				1BCD6B2C28F7C7FC0055BC80 /* PostureFit */,
				1BCD6B3C28F7C8000055BC80 /* PostureFitTests */,
				1BCD6B4628F7C8000055BC80 /* PostureFitUITests */,
			);
		};
/* End PBXProject section */

/* Begin PBXResourcesBuildPhase section */
		1BCD6B2B28F7C7FC0055BC80 /* Resources */ = {
			isa = PBXResourcesBuildPhase;
			buildActionMask = 2147483647;
			files = (
				4EABBA5A29DF0C8500ADB960 /* Main.storyboard in Resources */,
				1BCD6B3828F7C8000055BC80 /* Preview Assets.xcassets in Resources */,
				4E4BB7602997C6E9003EB516 /* PoseEstimation_Support in Resources */,
				4EBA94FD29C4A314002A45F3 /* movenet_thunder.tflite in Resources */,
				4EBA94FE29C4A316002A45F3 /* movenet_lightning.tflite in Resources */,
				1BCD6B3528F7C8000055BC80 /* Assets.xcassets in Resources */,
			);
			runOnlyForDeploymentPostprocessing = 0;
		};
		1BCD6B3B28F7C8000055BC80 /* Resources */ = {
			isa = PBXResourcesBuildPhase;
			buildActionMask = 2147483647;
			files = (
			);
			runOnlyForDeploymentPostprocessing = 0;
		};
		1BCD6B4528F7C8000055BC80 /* Resources */ = {
			isa = PBXResourcesBuildPhase;
			buildActionMask = 2147483647;
			files = (
			);
			runOnlyForDeploymentPostprocessing = 0;
		};
/* End PBXResourcesBuildPhase section */

/* Begin PBXShellScriptBuildPhase section */
		EBE1531703C6D1B8D469D584 /* [CP] Check Pods Manifest.lock */ = {
			isa = PBXShellScriptBuildPhase;
			buildActionMask = 2147483647;
			files = (
			);
			inputFileListPaths = (
			);
			inputPaths = (
				"${PODS_PODFILE_DIR_PATH}/Podfile.lock",
				"${PODS_ROOT}/Manifest.lock",
			);
			name = "[CP] Check Pods Manifest.lock";
			outputFileListPaths = (
			);
			outputPaths = (
				"$(DERIVED_FILE_DIR)/Pods-PostureFit-checkManifestLockResult.txt",
			);
			runOnlyForDeploymentPostprocessing = 0;
			shellPath = /bin/sh;
			shellScript = "diff \"${PODS_PODFILE_DIR_PATH}/Podfile.lock\" \"${PODS_ROOT}/Manifest.lock\" > /dev/null\nif [ $? != 0 ] ; then\n    # print error to STDERR\n    echo \"error: The sandbox is not in sync with the Podfile.lock. Run 'pod install' or update your CocoaPods installation.\" >&2\n    exit 1\nfi\n# This output is used by Xcode 'outputs' to avoid re-running this script phase.\necho \"SUCCESS\" > \"${SCRIPT_OUTPUT_FILE_0}\"\n";
			showEnvVarsInLog = 0;
		};
/* End PBXShellScriptBuildPhase section */

/* Begin PBXSourcesBuildPhase section */
		1BCD6B2928F7C7FC0055BC80 /* Sources */ = {
			isa = PBXSourcesBuildPhase;
			buildActionMask = 2147483647;
			files = (
				4EABBA6529E5287E00ADB960 /* SquatCorrector.swift in Sources */,
				4ED986CB292BD6CB0031E482 /* SettingsView.swift in Sources */,
				4ED986CF292BD7050031E482 /* HomeView.swift in Sources */,
				4EBA94EC29C43226002A45F3 /* PoseData.swift in Sources */,
				4ED986C9292BD2CE0031E482 /* MainView.swift in Sources */,
				4EABBA4729D017E400ADB960 /* ViewController_Dup2.swift in Sources */,
				4EABBA5729DD940B00ADB960 /* DeadliftModel_Controller.swift in Sources */,
				4EBA94F829C436BA002A45F3 /* AppDelegate.swift in Sources */,
				4EBA94ED29C43226002A45F3 /* PoseConfig.swift in Sources */,
				4EBA94FC29C49FA4002A45F3 /* ViewControllerWrapper.swift in Sources */,
				4E4BB767299CA031003EB516 /* TrainerMenuView.swift in Sources */,
				4EABBA4B29D6B02900ADB960 /* SquatModel_Controller.swift in Sources */,
				4EBA94F429C433A1002A45F3 /* CGSize+TFLite.swift in Sources */,
				4EABBA4929D0241C00ADB960 /* CameraFeedManager_Dup.swift in Sources */,
				4EABBA3429C8B7F700ADB960 /* RepetitionEstimator.swift in Sources */,
				4EBA94EB29C43226002A45F3 /* MoveNet.swift in Sources */,
				4EBA94DD29C42355002A45F3 /* PoseEstimator.swift in Sources */,
				4EABBA5529DB19EF00ADB960 /* SquatPosition.mlmodel in Sources */,
				4EBA94F529C433A1002A45F3 /* CVPixelBuffer+TFLite.swift in Sources */,
				4EABBA6029E138EE00ADB960 /* ArrowPath.swift in Sources */,
				4EABBA5E29DF0FD700ADB960 /* OverlayView_dup.swift in Sources */,
				4EBA94EA29C43226002A45F3 /* PoseNet.swift in Sources */,
				1BCD6B3128F7C7FC0055BC80 /* PrototypeApp.swift in Sources */,
				4EABBA6329E43F0700ADB960 /* DeadliftPosition.mlmodel in Sources */,
				4EABBA6729E5A28E00ADB960 /* CorrectionEstimator.swift in Sources */,
				4EABBA4129D00F5D00ADB960 /* CameraSwitcher.swift in Sources */,
				4EBA94F629C433A1002A45F3 /* Data+TFLite.swift in Sources */,
			);
			runOnlyForDeploymentPostprocessing = 0;
		};
		1BCD6B3928F7C8000055BC80 /* Sources */ = {
			isa = PBXSourcesBuildPhase;
			buildActionMask = 2147483647;
			files = (
				1BCD6B4228F7C8000055BC80 /* PrototypeTests.swift in Sources */,
			);
			runOnlyForDeploymentPostprocessing = 0;
		};
		1BCD6B4328F7C8000055BC80 /* Sources */ = {
			isa = PBXSourcesBuildPhase;
			buildActionMask = 2147483647;
			files = (
				1BCD6B4C28F7C8000055BC80 /* PrototypeUITests.swift in Sources */,
				1BCD6B4E28F7C8000055BC80 /* PrototypeUITestsLaunchTests.swift in Sources */,
			);
			runOnlyForDeploymentPostprocessing = 0;
		};
/* End PBXSourcesBuildPhase section */

/* Begin PBXTargetDependency section */
		1BCD6B3F28F7C8000055BC80 /* PBXTargetDependency */ = {
			isa = PBXTargetDependency;
			target = 1BCD6B2C28F7C7FC0055BC80 /* PostureFit */;
			targetProxy = 1BCD6B3E28F7C8000055BC80 /* PBXContainerItemProxy */;
		};
		1BCD6B4928F7C8000055BC80 /* PBXTargetDependency */ = {
			isa = PBXTargetDependency;
			target = 1BCD6B2C28F7C7FC0055BC80 /* PostureFit */;
			targetProxy = 1BCD6B4828F7C8000055BC80 /* PBXContainerItemProxy */;
		};
/* End PBXTargetDependency section */

/* Begin XCBuildConfiguration section */
		1BCD6B4F28F7C8000055BC80 /* Debug */ = {
			isa = XCBuildConfiguration;
			buildSettings = {
				ALWAYS_SEARCH_USER_PATHS = NO;
				CLANG_ANALYZER_NONNULL = YES;
				CLANG_ANALYZER_NUMBER_OBJECT_CONVERSION = YES_AGGRESSIVE;
				CLANG_CXX_LANGUAGE_STANDARD = "gnu++17";
				CLANG_ENABLE_MODULES = YES;
				CLANG_ENABLE_OBJC_ARC = YES;
				CLANG_ENABLE_OBJC_WEAK = YES;
				CLANG_WARN_BLOCK_CAPTURE_AUTORELEASING = YES;
				CLANG_WARN_BOOL_CONVERSION = YES;
				CLANG_WARN_COMMA = YES;
				CLANG_WARN_CONSTANT_CONVERSION = YES;
				CLANG_WARN_DEPRECATED_OBJC_IMPLEMENTATIONS = YES;
				CLANG_WARN_DIRECT_OBJC_ISA_USAGE = YES_ERROR;
				CLANG_WARN_DOCUMENTATION_COMMENTS = YES;
				CLANG_WARN_EMPTY_BODY = YES;
				CLANG_WARN_ENUM_CONVERSION = YES;
				CLANG_WARN_INFINITE_RECURSION = YES;
				CLANG_WARN_INT_CONVERSION = YES;
				CLANG_WARN_NON_LITERAL_NULL_CONVERSION = YES;
				CLANG_WARN_OBJC_IMPLICIT_RETAIN_SELF = YES;
				CLANG_WARN_OBJC_LITERAL_CONVERSION = YES;
				CLANG_WARN_OBJC_ROOT_CLASS = YES_ERROR;
				CLANG_WARN_QUOTED_INCLUDE_IN_FRAMEWORK_HEADER = YES;
				CLANG_WARN_RANGE_LOOP_ANALYSIS = YES;
				CLANG_WARN_STRICT_PROTOTYPES = YES;
				CLANG_WARN_SUSPICIOUS_MOVE = YES;
				CLANG_WARN_UNGUARDED_AVAILABILITY = YES_AGGRESSIVE;
				CLANG_WARN_UNREACHABLE_CODE = YES;
				CLANG_WARN__DUPLICATE_METHOD_MATCH = YES;
				COPY_PHASE_STRIP = NO;
				DEBUG_INFORMATION_FORMAT = dwarf;
				ENABLE_STRICT_OBJC_MSGSEND = YES;
				ENABLE_TESTABILITY = YES;
				GCC_C_LANGUAGE_STANDARD = gnu11;
				GCC_DYNAMIC_NO_PIC = NO;
				GCC_NO_COMMON_BLOCKS = YES;
				GCC_OPTIMIZATION_LEVEL = 0;
				GCC_PREPROCESSOR_DEFINITIONS = (
					"DEBUG=1",
					"$(inherited)",
				);
				GCC_WARN_64_TO_32_BIT_CONVERSION = YES;
				GCC_WARN_ABOUT_RETURN_TYPE = YES_ERROR;
				GCC_WARN_UNDECLARED_SELECTOR = YES;
				GCC_WARN_UNINITIALIZED_AUTOS = YES_AGGRESSIVE;
				GCC_WARN_UNUSED_FUNCTION = YES;
				GCC_WARN_UNUSED_VARIABLE = YES;
				IPHONEOS_DEPLOYMENT_TARGET = 15.5;
				MTL_ENABLE_DEBUG_INFO = INCLUDE_SOURCE;
				MTL_FAST_MATH = YES;
				ONLY_ACTIVE_ARCH = YES;
				SDKROOT = iphoneos;
				SWIFT_ACTIVE_COMPILATION_CONDITIONS = DEBUG;
				SWIFT_OPTIMIZATION_LEVEL = "-Onone";
			};
			name = Debug;
		};
		1BCD6B5028F7C8000055BC80 /* Release */ = {
			isa = XCBuildConfiguration;
			buildSettings = {
				ALWAYS_SEARCH_USER_PATHS = NO;
				CLANG_ANALYZER_NONNULL = YES;
				CLANG_ANALYZER_NUMBER_OBJECT_CONVERSION = YES_AGGRESSIVE;
				CLANG_CXX_LANGUAGE_STANDARD = "gnu++17";
				CLANG_ENABLE_MODULES = YES;
				CLANG_ENABLE_OBJC_ARC = YES;
				CLANG_ENABLE_OBJC_WEAK = YES;
				CLANG_WARN_BLOCK_CAPTURE_AUTORELEASING = YES;
				CLANG_WARN_BOOL_CONVERSION = YES;
				CLANG_WARN_COMMA = YES;
				CLANG_WARN_CONSTANT_CONVERSION = YES;
				CLANG_WARN_DEPRECATED_OBJC_IMPLEMENTATIONS = YES;
				CLANG_WARN_DIRECT_OBJC_ISA_USAGE = YES_ERROR;
				CLANG_WARN_DOCUMENTATION_COMMENTS = YES;
				CLANG_WARN_EMPTY_BODY = YES;
				CLANG_WARN_ENUM_CONVERSION = YES;
				CLANG_WARN_INFINITE_RECURSION = YES;
				CLANG_WARN_INT_CONVERSION = YES;
				CLANG_WARN_NON_LITERAL_NULL_CONVERSION = YES;
				CLANG_WARN_OBJC_IMPLICIT_RETAIN_SELF = YES;
				CLANG_WARN_OBJC_LITERAL_CONVERSION = YES;
				CLANG_WARN_OBJC_ROOT_CLASS = YES_ERROR;
				CLANG_WARN_QUOTED_INCLUDE_IN_FRAMEWORK_HEADER = YES;
				CLANG_WARN_RANGE_LOOP_ANALYSIS = YES;
				CLANG_WARN_STRICT_PROTOTYPES = YES;
				CLANG_WARN_SUSPICIOUS_MOVE = YES;
				CLANG_WARN_UNGUARDED_AVAILABILITY = YES_AGGRESSIVE;
				CLANG_WARN_UNREACHABLE_CODE = YES;
				CLANG_WARN__DUPLICATE_METHOD_MATCH = YES;
				COPY_PHASE_STRIP = NO;
				DEBUG_INFORMATION_FORMAT = "dwarf-with-dsym";
				ENABLE_NS_ASSERTIONS = NO;
				ENABLE_STRICT_OBJC_MSGSEND = YES;
				GCC_C_LANGUAGE_STANDARD = gnu11;
				GCC_NO_COMMON_BLOCKS = YES;
				GCC_WARN_64_TO_32_BIT_CONVERSION = YES;
				GCC_WARN_ABOUT_RETURN_TYPE = YES_ERROR;
				GCC_WARN_UNDECLARED_SELECTOR = YES;
				GCC_WARN_UNINITIALIZED_AUTOS = YES_AGGRESSIVE;
				GCC_WARN_UNUSED_FUNCTION = YES;
				GCC_WARN_UNUSED_VARIABLE = YES;
				IPHONEOS_DEPLOYMENT_TARGET = 15.5;
				MTL_ENABLE_DEBUG_INFO = NO;
				MTL_FAST_MATH = YES;
				SDKROOT = iphoneos;
				SWIFT_COMPILATION_MODE = wholemodule;
				SWIFT_OPTIMIZATION_LEVEL = "-O";
				VALIDATE_PRODUCT = YES;
			};
			name = Release;
		};
		1BCD6B5228F7C8000055BC80 /* Debug */ = {
			isa = XCBuildConfiguration;
			baseConfigurationReference = 96E8341E76E09F2E09608B74 /* Pods-PostureFit.debug.xcconfig */;
			buildSettings = {
				ASSETCATALOG_COMPILER_APPICON_NAME = AppIcon;
				ASSETCATALOG_COMPILER_GLOBAL_ACCENT_COLOR_NAME = AccentColor;
				CODE_SIGN_STYLE = Automatic;
				CURRENT_PROJECT_VERSION = 1;
				DEVELOPMENT_ASSET_PATHS = "\"Prototype/Preview Content\"";
				DEVELOPMENT_TEAM = ZW59HAJT97;
				ENABLE_PREVIEWS = YES;
				GENERATE_INFOPLIST_FILE = YES;
				INFOPLIST_KEY_NSCameraUsageDescription = "Camera Required";
				INFOPLIST_KEY_UIApplicationSceneManifest_Generation = YES;
				INFOPLIST_KEY_UIApplicationSupportsIndirectInputEvents = YES;
				INFOPLIST_KEY_UILaunchScreen_Generation = YES;
				INFOPLIST_KEY_UILaunchStoryboardName = LaunchScreen_Prototype.storyboard;
				INFOPLIST_KEY_UISupportedInterfaceOrientations_iPad = "UIInterfaceOrientationPortrait UIInterfaceOrientationPortraitUpsideDown UIInterfaceOrientationLandscapeLeft UIInterfaceOrientationLandscapeRight";
				INFOPLIST_KEY_UISupportedInterfaceOrientations_iPhone = "UIInterfaceOrientationPortrait UIInterfaceOrientationLandscapeLeft UIInterfaceOrientationLandscapeRight";
				LD_RUNPATH_SEARCH_PATHS = (
					"$(inherited)",
					"@executable_path/Frameworks",
				);
				MARKETING_VERSION = 1.0;
				PRODUCT_BUNDLE_IDENTIFIER = PostureFit.Prototype;
				PRODUCT_NAME = "$(TARGET_NAME)";
				SWIFT_EMIT_LOC_STRINGS = YES;
				SWIFT_VERSION = 5.0;
				TARGETED_DEVICE_FAMILY = "1,2";
			};
			name = Debug;
		};
		1BCD6B5328F7C8000055BC80 /* Release */ = {
			isa = XCBuildConfiguration;
			baseConfigurationReference = D7533E67210374A0595A0B46 /* Pods-PostureFit.release.xcconfig */;
			buildSettings = {
				ASSETCATALOG_COMPILER_APPICON_NAME = AppIcon;
				ASSETCATALOG_COMPILER_GLOBAL_ACCENT_COLOR_NAME = AccentColor;
				CODE_SIGN_STYLE = Automatic;
				CURRENT_PROJECT_VERSION = 1;
				DEVELOPMENT_ASSET_PATHS = "\"Prototype/Preview Content\"";
				DEVELOPMENT_TEAM = ZW59HAJT97;
				ENABLE_PREVIEWS = YES;
				GENERATE_INFOPLIST_FILE = YES;
				INFOPLIST_KEY_NSCameraUsageDescription = "Camera Required";
				INFOPLIST_KEY_UIApplicationSceneManifest_Generation = YES;
				INFOPLIST_KEY_UIApplicationSupportsIndirectInputEvents = YES;
				INFOPLIST_KEY_UILaunchScreen_Generation = YES;
				INFOPLIST_KEY_UILaunchStoryboardName = LaunchScreen_Prototype.storyboard;
				INFOPLIST_KEY_UISupportedInterfaceOrientations_iPad = "UIInterfaceOrientationPortrait UIInterfaceOrientationPortraitUpsideDown UIInterfaceOrientationLandscapeLeft UIInterfaceOrientationLandscapeRight";
				INFOPLIST_KEY_UISupportedInterfaceOrientations_iPhone = "UIInterfaceOrientationPortrait UIInterfaceOrientationLandscapeLeft UIInterfaceOrientationLandscapeRight";
				LD_RUNPATH_SEARCH_PATHS = (
					"$(inherited)",
					"@executable_path/Frameworks",
				);
				MARKETING_VERSION = 1.0;
				PRODUCT_BUNDLE_IDENTIFIER = PostureFit.Prototype;
				PRODUCT_NAME = "$(TARGET_NAME)";
				SWIFT_EMIT_LOC_STRINGS = YES;
				SWIFT_VERSION = 5.0;
				TARGETED_DEVICE_FAMILY = "1,2";
			};
			name = Release;
		};
		1BCD6B5528F7C8000055BC80 /* Debug */ = {
			isa = XCBuildConfiguration;
			buildSettings = {
				ALWAYS_EMBED_SWIFT_STANDARD_LIBRARIES = YES;
				BUNDLE_LOADER = "$(TEST_HOST)";
				CODE_SIGN_STYLE = Automatic;
				CURRENT_PROJECT_VERSION = 1;
				DEVELOPMENT_TEAM = ZW59HAJT97;
				GENERATE_INFOPLIST_FILE = YES;
				IPHONEOS_DEPLOYMENT_TARGET = 15.5;
				MARKETING_VERSION = 1.0;
				PRODUCT_BUNDLE_IDENTIFIER = PostureFit.PrototypeTests;
				PRODUCT_NAME = "$(TARGET_NAME)";
				SWIFT_EMIT_LOC_STRINGS = NO;
				SWIFT_VERSION = 5.0;
				TARGETED_DEVICE_FAMILY = "1,2";
				TEST_HOST = "$(BUILT_PRODUCTS_DIR)/PostureFit.app/PostureFit";
			};
			name = Debug;
		};
		1BCD6B5628F7C8000055BC80 /* Release */ = {
			isa = XCBuildConfiguration;
			buildSettings = {
				ALWAYS_EMBED_SWIFT_STANDARD_LIBRARIES = YES;
				BUNDLE_LOADER = "$(TEST_HOST)";
				CODE_SIGN_STYLE = Automatic;
				CURRENT_PROJECT_VERSION = 1;
				DEVELOPMENT_TEAM = ZW59HAJT97;
				GENERATE_INFOPLIST_FILE = YES;
				IPHONEOS_DEPLOYMENT_TARGET = 15.5;
				MARKETING_VERSION = 1.0;
				PRODUCT_BUNDLE_IDENTIFIER = PostureFit.PrototypeTests;
				PRODUCT_NAME = "$(TARGET_NAME)";
				SWIFT_EMIT_LOC_STRINGS = NO;
				SWIFT_VERSION = 5.0;
				TARGETED_DEVICE_FAMILY = "1,2";
				TEST_HOST = "$(BUILT_PRODUCTS_DIR)/PostureFit.app/PostureFit";
			};
			name = Release;
		};
		1BCD6B5828F7C8000055BC80 /* Debug */ = {
			isa = XCBuildConfiguration;
			buildSettings = {
				ALWAYS_EMBED_SWIFT_STANDARD_LIBRARIES = YES;
				CODE_SIGN_STYLE = Automatic;
				CURRENT_PROJECT_VERSION = 1;
				DEVELOPMENT_TEAM = 925L55ZWSK;
				GENERATE_INFOPLIST_FILE = YES;
				MARKETING_VERSION = 1.0;
				PRODUCT_BUNDLE_IDENTIFIER = PostureFit.PrototypeUITests;
				PRODUCT_NAME = "$(TARGET_NAME)";
				SWIFT_EMIT_LOC_STRINGS = NO;
				SWIFT_VERSION = 5.0;
				TARGETED_DEVICE_FAMILY = "1,2";
				TEST_TARGET_NAME = Prototype;
			};
			name = Debug;
		};
		1BCD6B5928F7C8000055BC80 /* Release */ = {
			isa = XCBuildConfiguration;
			buildSettings = {
				ALWAYS_EMBED_SWIFT_STANDARD_LIBRARIES = YES;
				CODE_SIGN_STYLE = Automatic;
				CURRENT_PROJECT_VERSION = 1;
				DEVELOPMENT_TEAM = 925L55ZWSK;
				GENERATE_INFOPLIST_FILE = YES;
				MARKETING_VERSION = 1.0;
				PRODUCT_BUNDLE_IDENTIFIER = PostureFit.PrototypeUITests;
				PRODUCT_NAME = "$(TARGET_NAME)";
				SWIFT_EMIT_LOC_STRINGS = NO;
				SWIFT_VERSION = 5.0;
				TARGETED_DEVICE_FAMILY = "1,2";
				TEST_TARGET_NAME = Prototype;
			};
			name = Release;
		};
/* End XCBuildConfiguration section */

/* Begin XCConfigurationList section */
		1BCD6B2828F7C7FC0055BC80 /* Build configuration list for PBXProject "PostureFit" */ = {
			isa = XCConfigurationList;
			buildConfigurations = (
				1BCD6B4F28F7C8000055BC80 /* Debug */,
				1BCD6B5028F7C8000055BC80 /* Release */,
			);
			defaultConfigurationIsVisible = 0;
			defaultConfigurationName = Release;
		};
		1BCD6B5128F7C8000055BC80 /* Build configuration list for PBXNativeTarget "PostureFit" */ = {
			isa = XCConfigurationList;
			buildConfigurations = (
				1BCD6B5228F7C8000055BC80 /* Debug */,
				1BCD6B5328F7C8000055BC80 /* Release */,
			);
			defaultConfigurationIsVisible = 0;
			defaultConfigurationName = Release;
		};
		1BCD6B5428F7C8000055BC80 /* Build configuration list for PBXNativeTarget "PostureFitTests" */ = {
			isa = XCConfigurationList;
			buildConfigurations = (
				1BCD6B5528F7C8000055BC80 /* Debug */,
				1BCD6B5628F7C8000055BC80 /* Release */,
			);
			defaultConfigurationIsVisible = 0;
			defaultConfigurationName = Release;
		};
		1BCD6B5728F7C8000055BC80 /* Build configuration list for PBXNativeTarget "PostureFitUITests" */ = {
			isa = XCConfigurationList;
			buildConfigurations = (
				1BCD6B5828F7C8000055BC80 /* Debug */,
				1BCD6B5928F7C8000055BC80 /* Release */,
			);
			defaultConfigurationIsVisible = 0;
			defaultConfigurationName = Release;
		};
/* End XCConfigurationList section */
	};
	rootObject = 1BCD6B2528F7C7FC0055BC80 /* Project object */;
}
